# Generated by pub
# See https://dart.dev/tools/pub/glossary#lockfile
packages:
  kernel:
    dependency: "direct overridden"
    description:
      path: "pkg/kernel"
      ref: "stable/3.0.5"
      resolved-ref: cb302f6e3255f557c37d23d0d682b256293bffe5
      url: "https://github.com/skylerpfli/DartSdkHook.git"
    source: git
    version: "0.0.0"
  meta:
    dependency: "direct overridden"
    description:
      path: "pkg/meta"
      ref: "stable/3.0.5"
      resolved-ref: cb302f6e3255f557c37d23d0d682b256293bffe5
      url: "https://github.com/skylerpfli/DartSdkHook.git"
    source: git
    version: "1.7.1-dev"
sdks:
  dart: ">=2.3.0-dev.68.0 <3.0.0"
