# Generated by pub
# See https://dart.dev/tools/pub/glossary#lockfile
packages:
  args:
    dependency: transitive
    description:
      name: args
      sha256: d0481093c50b1da8910eb0bb301626d4d8eb7284aa739614d2b394ee09e3ea04
      url: "https://pub.dev"
    source: hosted
    version: "2.7.0"
  async:
    dependency: transitive
    description:
      name: async
      sha256: "758e6d74e971c3e5aceb4110bfd6698efc7f501675bcfe0c775459a8140750eb"
      url: "https://pub.dev"
    source: hosted
    version: "2.13.0"
  boolean_selector:
    dependency: transitive
    description:
      name: boolean_selector
      sha256: "8aab1771e1243a5063b8b0ff68042d67334e3feab9e95b9490f9a6ebf73b42ea"
      url: "https://pub.dev"
    source: hosted
    version: "2.1.2"
  characters:
    dependency: transitive
    description:
      name: characters
      sha256: f71061c654a3380576a52b451dd5532377954cf9dbd272a78fc8479606670803
      url: "https://pub.dev"
    source: hosted
    version: "1.4.0"
  clock:
    dependency: transitive
    description:
      name: clock
      sha256: fddb70d9b5277016c77a80201021d40a2247104d9f4aa7bab7157b7e3f05b84b
      url: "https://pub.dev"
    source: hosted
    version: "1.1.2"
  collection:
    dependency: transitive
    description:
      name: collection
      sha256: "2f5709ae4d3d59dd8f7cd309b4e023046b57d8a6c82130785d2b0e5868084e76"
      url: "https://pub.dev"
    source: hosted
    version: "1.19.1"
  cross_file:
    dependency: transitive
    description:
      name: cross_file
      sha256: "701dcfc06da0882883a2657c445103380e53e647060ad8d9dfb710c100996608"
      url: "https://pub.dev"
    source: hosted
    version: "0.3.5+1"
  cupertino_icons:
    dependency: "direct main"
    description:
      name: cupertino_icons
      sha256: ba631d1c7f7bef6b729a622b7b752645a2d076dba9976925b8f25725a30e1ee6
      url: "https://pub.dev"
    source: hosted
    version: "1.0.8"
  easy_refresh:
    dependency: transitive
    description:
      name: easy_refresh
      sha256: "486e30abfcaae66c0f2c2798a10de2298eb9dc5e0bb7e1dba9328308968cae0c"
      url: "https://pub.dev"
    source: hosted
    version: "3.4.0"
  extended_nested_scroll_view:
    dependency: "direct main"
    description:
      name: extended_nested_scroll_view
      sha256: "835580d40c2c62b448bd14adecd316acba469ba61f1510ef559d17668a85e777"
      url: "https://pub.dev"
    source: hosted
    version: "6.2.1"
  fake_async:
    dependency: transitive
    description:
      name: fake_async
      sha256: "5368f224a74523e8d2e7399ea1638b37aecfca824a3cc4dfdf77bf1fa905ac44"
      url: "https://pub.dev"
    source: hosted
    version: "1.3.3"
  ffi:
    dependency: transitive
    description:
      name: ffi
      sha256: "289279317b4b16eb2bb7e271abccd4bf84ec9bdcbe999e278a94b804f5630418"
      url: "https://pub.dev"
    source: hosted
    version: "2.1.4"
  file:
    dependency: transitive
    description:
      name: file
      sha256: a3b4f84adafef897088c160faf7dfffb7696046cb13ae90b508c2cbc95d3b8d4
      url: "https://pub.dev"
    source: hosted
    version: "7.0.1"
  file_selector_linux:
    dependency: transitive
    description:
      name: file_selector_linux
      sha256: "2567f398e06ac72dcf2e98a0c95df2a9edd03c2c2e0cacd4780f20cdf56263a0"
      url: "https://pub.dev"
    source: hosted
    version: "0.9.4"
  file_selector_macos:
    dependency: transitive
    description:
      name: file_selector_macos
      sha256: "19124ff4a3d8864fdc62072b6a2ef6c222d55a3404fe14893a3c02744907b60c"
      url: "https://pub.dev"
    source: hosted
    version: "0.9.4+4"
  file_selector_platform_interface:
    dependency: transitive
    description:
      name: file_selector_platform_interface
      sha256: "35e0bd61ebcdb91a3505813b055b09b79dfdc7d0aee9c09a7ba59ae4bb13dc85"
      url: "https://pub.dev"
    source: hosted
    version: "2.7.0"
  file_selector_windows:
    dependency: transitive
    description:
      name: file_selector_windows
      sha256: "62197474ae75893a62df75939c777763d39c2bc5f73ce5b88497208bc269abfd"
      url: "https://pub.dev"
    source: hosted
    version: "0.9.3+5"
  flutter:
    dependency: "direct main"
    description: flutter
    source: sdk
    version: "0.0.0"
  flutter_lints:
    dependency: "direct dev"
    description:
      name: flutter_lints
      sha256: b543301ad291598523947dc534aaddc5aaad597b709d2426d3a0e0d44c5cb493
      url: "https://pub.dev"
    source: hosted
    version: "1.0.4"
  flutter_localizations:
    dependency: "direct dev"
    description: flutter
    source: sdk
    version: "0.0.0"
  flutter_markdown:
    dependency: "direct main"
    description:
      name: flutter_markdown
      sha256: "04c4722cc36ec5af38acc38ece70d22d3c2123c61305d555750a091517bbe504"
      url: "https://pub.dev"
    source: hosted
    version: "0.6.23"
  flutter_plugin_android_lifecycle:
    dependency: "direct overridden"
    description:
      name: flutter_plugin_android_lifecycle
      sha256: "306f0596590e077338312f38837f595c04f28d6cdeeac392d3d74df2f0003687"
      url: "https://pub.dev"
    source: hosted
    version: "2.0.32"
  flutter_screenutil:
    dependency: "direct main"
    description:
      name: flutter_screenutil
      sha256: "8239210dd68bee6b0577aa4a090890342d04a136ce1c81f98ee513fc0ce891de"
      url: "https://pub.dev"
    source: hosted
    version: "5.9.3"
  flutter_slidable:
    dependency: transitive
    description:
      name: flutter_slidable
      sha256: a857de7ea701f276fd6a6c4c67ae885b60729a3449e42766bb0e655171042801
      url: "https://pub.dev"
    source: hosted
    version: "3.1.2"
  flutter_swiper_null_safety:
    dependency: "direct main"
    description:
      name: flutter_swiper_null_safety
      sha256: "5a855e0080d035c08e82f8b7fd2f106344943a30c9ab483b2584860a2f22eaaf"
      url: "https://pub.dev"
    source: hosted
    version: "1.0.2"
  flutter_test:
    dependency: "direct dev"
    description: flutter
    source: sdk
    version: "0.0.0"
  flutter_web_plugins:
    dependency: transitive
    description: flutter
    source: sdk
    version: "0.0.0"
  http:
    dependency: "direct main"
    description:
      name: http
      sha256: "5895291c13fa8a3bd82e76d5627f69e0d85ca6a30dcac95c4ea19a5d555879c2"
      url: "https://pub.dev"
    source: hosted
    version: "0.13.6"
  http_parser:
    dependency: transitive
    description:
      name: http_parser
      sha256: "178d74305e7866013777bab2c3d8726205dc5a4dd935297175b19a23a2e66571"
      url: "https://pub.dev"
    source: hosted
    version: "4.1.2"
  image_picker:
    dependency: transitive
    description:
      name: image_picker
      sha256: "021834d9c0c3de46bf0fe40341fa07168407f694d9b2bb18d532dc1261867f7a"
      url: "https://pub.dev"
    source: hosted
    version: "1.1.2"
  image_picker_android:
    dependency: transitive
    description:
      name: image_picker_android
      sha256: "317a5d961cec5b34e777b9252393f2afbd23084aa6e60fcf601dcf6341b9ebeb"
      url: "https://pub.dev"
    source: hosted
    version: "0.8.12+23"
  image_picker_for_web:
    dependency: transitive
    description:
      name: image_picker_for_web
      sha256: "66257a3191ab360d23a55c8241c91a6e329d31e94efa7be9cf7a212e65850214"
      url: "https://pub.dev"
    source: hosted
    version: "3.1.1"
  image_picker_ios:
    dependency: transitive
    description:
      name: image_picker_ios
      sha256: eb06fe30bab4c4497bad449b66448f50edcc695f1c59408e78aa3a8059eb8f0e
      url: "https://pub.dev"
    source: hosted
    version: "0.8.13"
  image_picker_linux:
    dependency: transitive
    description:
      name: image_picker_linux
      sha256: "1f81c5f2046b9ab724f85523e4af65be1d47b038160a8c8deed909762c308ed4"
      url: "https://pub.dev"
    source: hosted
    version: "0.2.2"
  image_picker_macos:
    dependency: transitive
    description:
      name: image_picker_macos
      sha256: d58cd9d67793d52beefd6585b12050af0a7663c0c2a6ece0fb110a35d6955e04
      url: "https://pub.dev"
    source: hosted
    version: "0.2.2"
  image_picker_platform_interface:
    dependency: transitive
    description:
      name: image_picker_platform_interface
      sha256: "567e056716333a1647c64bb6bd873cff7622233a5c3f694be28a583d4715690c"
      url: "https://pub.dev"
    source: hosted
    version: "2.11.1"
  image_picker_windows:
    dependency: transitive
    description:
      name: image_picker_windows
      sha256: d248c86554a72b5495a31c56f060cf73a41c7ff541689327b1a7dbccc33adfae
      url: "https://pub.dev"
    source: hosted
    version: "0.2.2"
  intl:
    dependency: "direct main"
    description:
      name: intl
      sha256: "3df61194eb431efc39c4ceba583b95633a403f46c9fd341e550ce0bfa50e9aa5"
      url: "https://pub.dev"
    source: hosted
    version: "0.20.2"
  leak_tracker:
    dependency: transitive
    description:
      name: leak_tracker
      sha256: "6bb818ecbdffe216e81182c2f0714a2e62b593f4a4f13098713ff1685dfb6ab0"
      url: "https://pub.dev"
    source: hosted
    version: "10.0.9"
  leak_tracker_flutter_testing:
    dependency: transitive
    description:
      name: leak_tracker_flutter_testing
      sha256: f8b613e7e6a13ec79cfdc0e97638fddb3ab848452eff057653abd3edba760573
      url: "https://pub.dev"
    source: hosted
    version: "3.0.9"
  leak_tracker_testing:
    dependency: transitive
    description:
      name: leak_tracker_testing
      sha256: "6ba465d5d76e67ddf503e1161d1f4a6bc42306f9d66ca1e8f079a47290fb06d3"
      url: "https://pub.dev"
    source: hosted
    version: "3.0.1"
  lints:
    dependency: transitive
    description:
      name: lints
      sha256: a2c3d198cb5ea2e179926622d433331d8b58374ab8f29cdda6e863bd62fd369c
      url: "https://pub.dev"
    source: hosted
    version: "1.0.1"
  markdown:
    dependency: transitive
    description:
      name: markdown
      sha256: "935e23e1ff3bc02d390bad4d4be001208ee92cc217cb5b5a6c19bc14aaa318c1"
      url: "https://pub.dev"
    source: hosted
    version: "7.3.0"
  matcher:
    dependency: transitive
    description:
      name: matcher
      sha256: dc58c723c3c24bf8d3e2d3ad3f2f9d7bd9cf43ec6feaa64181775e60190153f2
      url: "https://pub.dev"
    source: hosted
    version: "0.12.17"
  material_color_utilities:
    dependency: transitive
    description:
      name: material_color_utilities
      sha256: f7142bb1154231d7ea5f96bc7bde4bda2a0945d2806bb11670e30b850d56bdec
      url: "https://pub.dev"
    source: hosted
    version: "0.11.1"
  meta:
    dependency: transitive
    description:
      name: meta
      sha256: e3641ec5d63ebf0d9b41bd43201a66e3fc79a65db5f61fc181f04cd27aab950c
      url: "https://pub.dev"
    source: hosted
    version: "1.16.0"
  mime:
    dependency: transitive
    description:
      name: mime
      sha256: "41a20518f0cb1256669420fdba0cd90d21561e560ac240f26ef8322e45bb7ed6"
      url: "https://pub.dev"
    source: hosted
    version: "2.0.0"
  nested:
    dependency: transitive
    description:
      name: nested
      sha256: "03bac4c528c64c95c722ec99280375a6f2fc708eec17c7b3f07253b626cd2a20"
      url: "https://pub.dev"
    source: hosted
    version: "1.0.0"
  path:
    dependency: transitive
    description:
      name: path
      sha256: "75cca69d1490965be98c73ceaea117e8a04dd21217b37b292c9ddbec0d955bc5"
      url: "https://pub.dev"
    source: hosted
    version: "1.9.1"
  path_drawing:
    dependency: transitive
    description:
      name: path_drawing
      sha256: bbb1934c0cbb03091af082a6389ca2080345291ef07a5fa6d6e078ba8682f977
      url: "https://pub.dev"
    source: hosted
    version: "1.0.1"
  path_parsing:
    dependency: transitive
    description:
      name: path_parsing
      sha256: "883402936929eac138ee0a45da5b0f2c80f89913e6dc3bf77eb65b84b409c6ca"
      url: "https://pub.dev"
    source: hosted
    version: "1.1.0"
  path_provider_linux:
    dependency: transitive
    description:
      name: path_provider_linux
      sha256: f7a1fe3a634fe7734c8d3f2766ad746ae2a2884abe22e241a8b301bf5cac3279
      url: "https://pub.dev"
    source: hosted
    version: "2.2.1"
  path_provider_platform_interface:
    dependency: transitive
    description:
      name: path_provider_platform_interface
      sha256: "88f5779f72ba699763fa3a3b06aa4bf6de76c8e5de842cf6f29e2e06476c2334"
      url: "https://pub.dev"
    source: hosted
    version: "2.1.2"
  path_provider_windows:
    dependency: transitive
    description:
      name: path_provider_windows
      sha256: bd6f00dbd873bfb70d0761682da2b3a2c2fccc2b9e84c495821639601d81afe7
      url: "https://pub.dev"
    source: hosted
    version: "2.3.0"
  platform:
    dependency: transitive
    description:
      name: platform
      sha256: "5d6b1b0036a5f331ebc77c850ebc8506cbc1e9416c27e59b439f917a902a4984"
      url: "https://pub.dev"
    source: hosted
    version: "3.1.6"
  plugin_platform_interface:
    dependency: transitive
    description:
      name: plugin_platform_interface
      sha256: "4820fbfdb9478b1ebae27888254d445073732dae3d6ea81f0b7e06d5dedc3f02"
      url: "https://pub.dev"
    source: hosted
    version: "2.1.8"
  provider:
    dependency: "direct main"
    description:
      name: provider
      sha256: "4e82183fa20e5ca25703ead7e05de9e4cceed1fbd1eadc1ac3cb6f565a09f272"
      url: "https://pub.dev"
    source: hosted
    version: "6.1.5+1"
  shared_preferences:
    dependency: "direct main"
    description:
      name: shared_preferences
      sha256: "6e8bf70b7fef813df4e9a36f658ac46d107db4b4cfe1048b477d4e453a8159f5"
      url: "https://pub.dev"
    source: hosted
    version: "2.5.3"
  shared_preferences_android:
    dependency: transitive
    description:
      name: shared_preferences_android
      sha256: bd14436108211b0d4ee5038689a56d4ae3620fd72fd6036e113bf1345bc74d9e
      url: "https://pub.dev"
    source: hosted
    version: "2.4.13"
  shared_preferences_foundation:
    dependency: transitive
    description:
      name: shared_preferences_foundation
      sha256: "6a52cfcdaeac77cad8c97b539ff688ccfc458c007b4db12be584fbe5c0e49e03"
      url: "https://pub.dev"
    source: hosted
    version: "2.5.4"
  shared_preferences_linux:
    dependency: transitive
    description:
      name: shared_preferences_linux
      sha256: "580abfd40f415611503cae30adf626e6656dfb2f0cee8f465ece7b6defb40f2f"
      url: "https://pub.dev"
    source: hosted
    version: "2.4.1"
  shared_preferences_platform_interface:
    dependency: transitive
    description:
      name: shared_preferences_platform_interface
      sha256: "57cbf196c486bc2cf1f02b85784932c6094376284b3ad5779d1b1c6c6a816b80"
      url: "https://pub.dev"
    source: hosted
    version: "2.4.1"
  shared_preferences_web:
    dependency: transitive
    description:
      name: shared_preferences_web
      sha256: c49bd060261c9a3f0ff445892695d6212ff603ef3115edbb448509d407600019
      url: "https://pub.dev"
    source: hosted
    version: "2.4.3"
  shared_preferences_windows:
    dependency: transitive
    description:
      name: shared_preferences_windows
      sha256: "94ef0f72b2d71bc3e700e025db3710911bd51a71cefb65cc609dd0d9a982e3c1"
      url: "https://pub.dev"
    source: hosted
    version: "2.4.1"
  sky_engine:
    dependency: transitive
    description: flutter
    source: sdk
    version: "0.0.0"
  source_span:
    dependency: transitive
    description:
      name: source_span
      sha256: "254ee5351d6cb365c859e20ee823c3bb479bf4a293c22d17a9f1bf144ce86f7c"
      url: "https://pub.dev"
    source: hosted
    version: "1.10.1"
  stack_trace:
    dependency: transitive
    description:
      name: stack_trace
      sha256: "8b27215b45d22309b5cddda1aa2b19bdfec9df0e765f2de506401c071d38d1b1"
      url: "https://pub.dev"
    source: hosted
    version: "1.12.1"
  stream_channel:
    dependency: transitive
    description:
      name: stream_channel
      sha256: "969e04c80b8bcdf826f8f16579c7b14d780458bd97f56d107d3950fdbeef059d"
      url: "https://pub.dev"
    source: hosted
    version: "2.1.4"
  string_scanner:
    dependency: transitive
    description:
      name: string_scanner
      sha256: "921cd31725b72fe181906c6a94d987c78e3b98c2e205b397ea399d4054872b43"
      url: "https://pub.dev"
    source: hosted
    version: "1.4.1"
  tdesign_flutter:
    dependency: "direct main"
    description:
      path: ".."
      relative: true
    source: path
    version: "0.2.6"
  tdesign_flutter_adaptation:
    dependency: transitive
    description:
      name: tdesign_flutter_adaptation
      sha256: "707bbc52ec8b5872ea808500200f402007acf24c03a1cc823a3be2113c1d813a"
      url: "https://pub.dev"
    source: hosted
    version: "3.32.0"
  term_glyph:
    dependency: transitive
    description:
      name: term_glyph
      sha256: "7f554798625ea768a7518313e58f83891c7f5024f88e46e7182a4558850a4b8e"
      url: "https://pub.dev"
    source: hosted
    version: "1.2.2"
  test_api:
    dependency: transitive
    description:
      name: test_api
      sha256: fb31f383e2ee25fbbfe06b40fe21e1e458d14080e3c67e7ba0acfde4df4e0bbd
      url: "https://pub.dev"
    source: hosted
    version: "0.7.4"
  typed_data:
    dependency: transitive
    description:
      name: typed_data
      sha256: f9049c039ebfeb4cf7a7104a675823cd72dba8297f264b6637062516699fa006
      url: "https://pub.dev"
    source: hosted
    version: "1.4.0"
  vector_math:
    dependency: transitive
    description:
      name: vector_math
      sha256: "80b3257d1492ce4d091729e3a67a60407d227c27241d6927be0130c98e741803"
      url: "https://pub.dev"
    source: hosted
    version: "2.1.4"
  visibility_detector:
    dependency: transitive
    description:
      name: visibility_detector
      sha256: dd5cc11e13494f432d15939c3aa8ae76844c42b723398643ce9addb88a5ed420
      url: "https://pub.dev"
    source: hosted
    version: "0.4.0+2"
  vm_service:
    dependency: transitive
    description:
      name: vm_service
      sha256: ddfa8d30d89985b96407efce8acbdd124701f96741f2d981ca860662f1c0dc02
      url: "https://pub.dev"
    source: hosted
    version: "15.0.0"
  web:
    dependency: "direct main"
    description:
      name: web
      sha256: "868d88a33d8a87b18ffc05f9f030ba328ffefba92d6c127917a2ba740f9cfe4a"
      url: "https://pub.dev"
    source: hosted
    version: "1.1.1"
  xdg_directories:
    dependency: transitive
    description:
      name: xdg_directories
      sha256: "7a3f37b05d989967cdddcbb571f1ea834867ae2faa29725fd085180e0883aa15"
      url: "https://pub.dev"
    source: hosted
    version: "1.1.0"
sdks:
  dart: ">=3.8.0 <4.0.0"
  flutter: ">=3.32.0"
